// !$*UTF8*$!
{
	archiveVersion = 1;
	classes = {
	};
	objectVersion = 50;
	objects = {

/* Begin PBXBuildFile section */
		CD2CC76726C5588E00E7EFEA /* AppDelegate.swift in Sources */ = {isa = PBXBuildFile; fileRef = CD2CC76626C5588E00E7EFEA /* AppDelegate.swift */; };
		CD2CC76926C5588E00E7EFEA /* SceneDelegate.swift in Sources */ = {isa = PBXBuildFile; fileRef = CD2CC76826C5588E00E7EFEA /* SceneDelegate.swift */; };
		CD2CC76B26C5588E00E7EFEA /* ViewController.swift in Sources */ = {isa = PBXBuildFile; fileRef = CD2CC76A26C5588E00E7EFEA /* ViewController.swift */; };
		CD2CC76E26C5588E00E7EFEA /* Main.storyboard in Resources */ = {isa = PBXBuildFile; fileRef = CD2CC76C26C5588E00E7EFEA /* Main.storyboard */; };
		CD2CC77026C5588F00E7EFEA /* Assets.xcassets in Resources */ = {isa = PBXBuildFile; fileRef = CD2CC76F26C5588F00E7EFEA /* Assets.xcassets */; };
		CD2CC77326C5588F00E7EFEA /* LaunchScreen.storyboard in Resources */ = {isa = PBXBuildFile; fileRef = CD2CC77126C5588F00E7EFEA /* LaunchScreen.storyboard */; };
		CD2CC77E26C5588F00E7EFEA /* StampTests.swift in Sources */ = {isa = PBXBuildFile; fileRef = CD2CC77D26C5588F00E7EFEA /* StampTests.swift */; };
		CD2CC78926C5588F00E7EFEA /* StampUITests.swift in Sources */ = {isa = PBXBuildFile; fileRef = CD2CC78826C5588F00E7EFEA /* StampUITests.swift */; };
		CD2CC79C26C55B2900E7EFEA /* hana.png in Resources */ = {isa = PBXBuildFile; fileRef = CD2CC79726C55B2900E7EFEA /* hana.png */; };
		CD2CC79D26C55B2900E7EFEA /* onpu.png in Resources */ = {isa = PBXBuildFile; fileRef = CD2CC79826C55B2900E7EFEA /* onpu.png */; };
		CD2CC79E26C55B2900E7EFEA /* hoshi.png in Resources */ = {isa = PBXBuildFile; fileRef = CD2CC79926C55B2900E7EFEA /* hoshi.png */; };
		CD2CC79F26C55B2900E7EFEA /* background.png in Resources */ = {isa = PBXBuildFile; fileRef = CD2CC79A26C55B2900E7EFEA /* background.png */; };
		CD2CC7A026C55B2900E7EFEA /* shitumon.png in Resources */ = {isa = PBXBuildFile; fileRef = CD2CC79B26C55B2900E7EFEA /* shitumon.png */; };
/* End PBXBuildFile section */

/* Begin PBXContainerItemProxy section */
		CD2CC77A26C5588F00E7EFEA /* PBXContainerItemProxy */ = {
			isa = PBXContainerItemProxy;
			containerPortal = CD2CC75B26C5588E00E7EFEA /* Project object */;
			proxyType = 1;
			remoteGlobalIDString = CD2CC76226C5588E00E7EFEA;
			remoteInfo = Stamp;
		};
		CD2CC78526C5588F00E7EFEA /* PBXContainerItemProxy */ = {
			isa = PBXContainerItemProxy;
			containerPortal = CD2CC75B26C5588E00E7EFEA /* Project object */;
			proxyType = 1;
			remoteGlobalIDString = CD2CC76226C5588E00E7EFEA;
			remoteInfo = Stamp;
		};
/* End PBXContainerItemProxy section */

/* Begin PBXFileReference section */
		CD2CC76326C5588E00E7EFEA /* Stamp.app */ = {isa = PBXFileReference; explicitFileType = wrapper.application; includeInIndex = 0; path = Stamp.app; sourceTree = BUILT_PRODUCTS_DIR; };
		CD2CC76626C5588E00E7EFEA /* AppDelegate.swift */ = {isa = PBXFileReference; lastKnownFileType = sourcecode.swift; path = AppDelegate.swift; sourceTree = "<group>"; };
		CD2CC76826C5588E00E7EFEA /* SceneDelegate.swift */ = {isa = PBXFileReference; lastKnownFileType = sourcecode.swift; path = SceneDelegate.swift; sourceTree = "<group>"; };
		CD2CC76A26C5588E00E7EFEA /* ViewController.swift */ = {isa = PBXFileReference; lastKnownFileType = sourcecode.swift; path = ViewController.swift; sourceTree = "<group>"; };
		CD2CC76D26C5588E00E7EFEA /* Base */ = {isa = PBXFileReference; lastKnownFileType = file.storyboard; name = Base; path = Base.lproj/Main.storyboard; sourceTree = "<group>"; };
		CD2CC76F26C5588F00E7EFEA /* Assets.xcassets */ = {isa = PBXFileReference; lastKnownFileType = folder.assetcatalog; path = Assets.xcassets; sourceTree = "<group>"; };
		CD2CC77226C5588F00E7EFEA /* Base */ = {isa = PBXFileReference; lastKnownFileType = file.storyboard; name = Base; path = Base.lproj/LaunchScreen.storyboard; sourceTree = "<group>"; };
		CD2CC77426C5588F00E7EFEA /* Info.plist */ = {isa = PBXFileReference; lastKnownFileType = text.plist.xml; path = Info.plist; sourceTree = "<group>"; };
		CD2CC77926C5588F00E7EFEA /* StampTests.xctest */ = {isa = PBXFileReference; explicitFileType = wrapper.cfbundle; includeInIndex = 0; path = StampTests.xctest; sourceTree = BUILT_PRODUCTS_DIR; };
		CD2CC77D26C5588F00E7EFEA /* StampTests.swift */ = {isa = PBXFileReference; lastKnownFileType = sourcecode.swift; path = StampTests.swift; sourceTree = "<group>"; };
		CD2CC77F26C5588F00E7EFEA /* Info.plist */ = {isa = PBXFileReference; lastKnownFileType = text.plist.xml; path = Info.plist; sourceTree = "<group>"; };
		CD2CC78426C5588F00E7EFEA /* StampUITests.xctest */ = {isa = PBXFileReference; explicitFileType = wrapper.cfbundle; includeInIndex = 0; path = StampUITests.xctest; sourceTree = BUILT_PRODUCTS_DIR; };
		CD2CC78826C5588F00E7EFEA /* StampUITests.swift */ = {isa = PBXFileReference; lastKnownFileType = sourcecode.swift; path = StampUITests.swift; sourceTree = "<group>"; };
		CD2CC78A26C5588F00E7EFEA /* Info.plist */ = {isa = PBXFileReference; lastKnownFileType = text.plist.xml; path = Info.plist; sourceTree = "<group>"; };
		CD2CC79726C55B2900E7EFEA /* hana.png */ = {isa = PBXFileReference; lastKnownFileType = image.png; path = hana.png; sourceTree = "<group>"; };
		CD2CC79826C55B2900E7EFEA /* onpu.png */ = {isa = PBXFileReference; lastKnownFileType = image.png; path = onpu.png; sourceTree = "<group>"; };
		CD2CC79926C55B2900E7EFEA /* hoshi.png */ = {isa = PBXFileReference; lastKnownFileType = image.png; path = hoshi.png; sourceTree = "<group>"; };
		CD2CC79A26C55B2900E7EFEA /* background.png */ = {isa = PBXFileReference; lastKnownFileType = image.png; path = background.png; sourceTree = "<group>"; };
		CD2CC79B26C55B2900E7EFEA /* shitumon.png */ = {isa = PBXFileReference; lastKnownFileType = image.png; path = shitumon.png; sourceTree = "<group>"; };
/* End PBXFileReference section */

/* Begin PBXFrameworksBuildPhase section */
		CD2CC76026C5588E00E7EFEA /* Frameworks */ = {
			isa = PBXFrameworksBuildPhase;
			buildActionMask = 2147483647;
			files = (
			);
			runOnlyForDeploymentPostprocessing = 0;
		};
		CD2CC77626C5588F00E7EFEA /* Frameworks */ = {
			isa = PBXFrameworksBuildPhase;
			buildActionMask = 2147483647;
			files = (
			);
			runOnlyForDeploymentPostprocessing = 0;
		};
		CD2CC78126C5588F00E7EFEA /* Frameworks */ = {
			isa = PBXFrameworksBuildPhase;
			buildActionMask = 2147483647;
			files = (
			);
			runOnlyForDeploymentPostprocessing = 0;
		};
/* End PBXFrameworksBuildPhase section */

/* Begin PBXGroup section */
		CD2CC75A26C5588E00E7EFEA = {
			isa = PBXGroup;
			children = (
				CD2CC76526C5588E00E7EFEA /* Stamp */,
				CD2CC77C26C5588F00E7EFEA /* StampTests */,
				CD2CC78726C5588F00E7EFEA /* StampUITests */,
				CD2CC76426C5588E00E7EFEA /* Products */,
			);
			sourceTree = "<group>";
		};
		CD2CC76426C5588E00E7EFEA /* Products */ = {
			isa = PBXGroup;
			children = (
				CD2CC76326C5588E00E7EFEA /* Stamp.app */,
				CD2CC77926C5588F00E7EFEA /* StampTests.xctest */,
				CD2CC78426C5588F00E7EFEA /* StampUITests.xctest */,
			);
			name = Products;
			sourceTree = "<group>";
		};
		CD2CC76526C5588E00E7EFEA /* Stamp */ = {
			isa = PBXGroup;
			children = (
				CD2CC76626C5588E00E7EFEA /* AppDelegate.swift */,
				CD2CC76826C5588E00E7EFEA /* SceneDelegate.swift */,
				CD2CC76A26C5588E00E7EFEA /* ViewController.swift */,
				CD2CC76C26C5588E00E7EFEA /* Main.storyboard */,
				CD2CC76F26C5588F00E7EFEA /* Assets.xcassets */,
				CD2CC77126C5588F00E7EFEA /* LaunchScreen.storyboard */,
				CD2CC77426C5588F00E7EFEA /* Info.plist */,
				CD2CC79626C55B2900E7EFEA /* Stamp素材 */,
			);
			path = Stamp;
			sourceTree = "<group>";
		};
		CD2CC77C26C5588F00E7EFEA /* StampTests */ = {
			isa = PBXGroup;
			children = (
				CD2CC77D26C5588F00E7EFEA /* StampTests.swift */,
				CD2CC77F26C5588F00E7EFEA /* Info.plist */,
			);
			path = StampTests;
			sourceTree = "<group>";
		};
		CD2CC78726C5588F00E7EFEA /* StampUITests */ = {
			isa = PBXGroup;
			children = (
				CD2CC78826C5588F00E7EFEA /* StampUITests.swift */,
				CD2CC78A26C5588F00E7EFEA /* Info.plist */,
			);
			path = StampUITests;
			sourceTree = "<group>";
		};
		CD2CC79626C55B2900E7EFEA /* Stamp素材 */ = {
			isa = PBXGroup;
			children = (
				CD2CC79726C55B2900E7EFEA /* hana.png */,
				CD2CC79826C55B2900E7EFEA /* onpu.png */,
				CD2CC79926C55B2900E7EFEA /* hoshi.png */,
				CD2CC79A26C55B2900E7EFEA /* background.png */,
				CD2CC79B26C55B2900E7EFEA /* shitumon.png */,
			);
			path = "Stamp素材";
			sourceTree = "<group>";
		};
/* End PBXGroup section */

/* Begin PBXNativeTarget section */
		CD2CC76226C5588E00E7EFEA /* Stamp */ = {
			isa = PBXNativeTarget;
			buildConfigurationList = CD2CC78D26C5588F00E7EFEA /* Build configuration list for PBXNativeTarget "Stamp" */;
			buildPhases = (
				CD2CC75F26C5588E00E7EFEA /* Sources */,
				CD2CC76026C5588E00E7EFEA /* Frameworks */,
				CD2CC76126C5588E00E7EFEA /* Resources */,
			);
			buildRules = (
			);
			dependencies = (
			);
			name = Stamp;
			productName = Stamp;
			productReference = CD2CC76326C5588E00E7EFEA /* Stamp.app */;
			productType = "com.apple.product-type.application";
		};
		CD2CC77826C5588F00E7EFEA /* StampTests */ = {
			isa = PBXNativeTarget;
			buildConfigurationList = CD2CC79026C5588F00E7EFEA /* Build configuration list for PBXNativeTarget "StampTests" */;
			buildPhases = (
				CD2CC77526C5588F00E7EFEA /* Sources */,
				CD2CC77626C5588F00E7EFEA /* Frameworks */,
				CD2CC77726C5588F00E7EFEA /* Resources */,
			);
			buildRules = (
			);
			dependencies = (
				CD2CC77B26C5588F00E7EFEA /* PBXTargetDependency */,
			);
			name = StampTests;
			productName = StampTests;
			productReference = CD2CC77926C5588F00E7EFEA /* StampTests.xctest */;
			productType = "com.apple.product-type.bundle.unit-test";
		};
		CD2CC78326C5588F00E7EFEA /* StampUITests */ = {
			isa = PBXNativeTarget;
			buildConfigurationList = CD2CC79326C5588F00E7EFEA /* Build configuration list for PBXNativeTarget "StampUITests" */;
			buildPhases = (
				CD2CC78026C5588F00E7EFEA /* Sources */,
				CD2CC78126C5588F00E7EFEA /* Frameworks */,
				CD2CC78226C5588F00E7EFEA /* Resources */,
			);
			buildRules = (
			);
			dependencies = (
				CD2CC78626C5588F00E7EFEA /* PBXTargetDependency */,
			);
			name = StampUITests;
			productName = StampUITests;
			productReference = CD2CC78426C5588F00E7EFEA /* StampUITests.xctest */;
			productType = "com.apple.product-type.bundle.ui-testing";
		};
/* End PBXNativeTarget section */

/* Begin PBXProject section */
		CD2CC75B26C5588E00E7EFEA /* Project object */ = {
			isa = PBXProject;
			attributes = {
				LastSwiftUpdateCheck = 1250;
				LastUpgradeCheck = 1250;
				TargetAttributes = {
					CD2CC76226C5588E00E7EFEA = {
						CreatedOnToolsVersion = 12.5.1;
					};
					CD2CC77826C5588F00E7EFEA = {
						CreatedOnToolsVersion = 12.5.1;
						TestTargetID = CD2CC76226C5588E00E7EFEA;
					};
					CD2CC78326C5588F00E7EFEA = {
						CreatedOnToolsVersion = 12.5.1;
						TestTargetID = CD2CC76226C5588E00E7EFEA;
					};
				};
			};
			buildConfigurationList = CD2CC75E26C5588E00E7EFEA /* Build configuration list for PBXProject "Stamp" */;
			compatibilityVersion = "Xcode 9.3";
			developmentRegion = en;
			hasScannedForEncodings = 0;
			knownRegions = (
				en,
				Base,
			);
			mainGroup = CD2CC75A26C5588E00E7EFEA;
			productRefGroup = CD2CC76426C5588E00E7EFEA /* Products */;
			projectDirPath = "";
			projectRoot = "";
			targets = (
				CD2CC76226C5588E00E7EFEA /* Stamp */,
				CD2CC77826C5588F00E7EFEA /* StampTests */,
				CD2CC78326C5588F00E7EFEA /* StampUITests */,
			);
		};
/* End PBXProject section */

/* Begin PBXResourcesBuildPhase section */
		CD2CC76126C5588E00E7EFEA /* Resources */ = {
			isa = PBXResourcesBuildPhase;
			buildActionMask = 2147483647;
			files = (
				CD2CC77326C5588F00E7EFEA /* LaunchScreen.storyboard in Resources */,
				CD2CC79E26C55B2900E7EFEA /* hoshi.png in Resources */,
				CD2CC79F26C55B2900E7EFEA /* background.png in Resources */,
				CD2CC79D26C55B2900E7EFEA /* onpu.png in Resources */,
				CD2CC77026C5588F00E7EFEA /* Assets.xcassets in Resources */,
				CD2CC76E26C5588E00E7EFEA /* Main.storyboard in Resources */,
				CD2CC7A026C55B2900E7EFEA /* shitumon.png in Resources */,
				CD2CC79C26C55B2900E7EFEA /* hana.png in Resources */,
			);
			runOnlyForDeploymentPostprocessing = 0;
		};
		CD2CC77726C5588F00E7EFEA /* Resources */ = {
			isa = PBXResourcesBuildPhase;
			buildActionMask = 2147483647;
			files = (
			);
			runOnlyForDeploymentPostprocessing = 0;
		};
		CD2CC78226C5588F00E7EFEA /* Resources */ = {
			isa = PBXResourcesBuildPhase;
			buildActionMask = 2147483647;
			files = (
			);
			runOnlyForDeploymentPostprocessing = 0;
		};
/* End PBXResourcesBuildPhase section */

/* Begin PBXSourcesBuildPhase section */
		CD2CC75F26C5588E00E7EFEA /* Sources */ = {
			isa = PBXSourcesBuildPhase;
			buildActionMask = 2147483647;
			files = (
				CD2CC76B26C5588E00E7EFEA /* ViewController.swift in Sources */,
				CD2CC76726C5588E00E7EFEA /* AppDelegate.swift in Sources */,
				CD2CC76926C5588E00E7EFEA /* SceneDelegate.swift in Sources */,
			);
			runOnlyForDeploymentPostprocessing = 0;
		};
		CD2CC77526C5588F00E7EFEA /* Sources */ = {
			isa = PBXSourcesBuildPhase;
			buildActionMask = 2147483647;
			files = (
				CD2CC77E26C5588F00E7EFEA /* StampTests.swift in Sources */,
			);
			runOnlyForDeploymentPostprocessing = 0;
		};
		CD2CC78026C5588F00E7EFEA /* Sources */ = {
			isa = PBXSourcesBuildPhase;
			buildActionMask = 2147483647;
			files = (
				CD2CC78926C5588F00E7EFEA /* StampUITests.swift in Sources */,
			);
			runOnlyForDeploymentPostprocessing = 0;
		};
/* End PBXSourcesBuildPhase section */

/* Begin PBXTargetDependency section */
		CD2CC77B26C5588F00E7EFEA /* PBXTargetDependency */ = {
			isa = PBXTargetDependency;
			target = CD2CC76226C5588E00E7EFEA /* Stamp */;
			targetProxy = CD2CC77A26C5588F00E7EFEA /* PBXContainerItemProxy */;
		};
		CD2CC78626C5588F00E7EFEA /* PBXTargetDependency */ = {
			isa = PBXTargetDependency;
			target = CD2CC76226C5588E00E7EFEA /* Stamp */;
			targetProxy = CD2CC78526C5588F00E7EFEA /* PBXContainerItemProxy */;
		};
/* End PBXTargetDependency section */

/* Begin PBXVariantGroup section */
		CD2CC76C26C5588E00E7EFEA /* Main.storyboard */ = {
			isa = PBXVariantGroup;
			children = (
				CD2CC76D26C5588E00E7EFEA /* Base */,
			);
			name = Main.storyboard;
			sourceTree = "<group>";
		};
		CD2CC77126C5588F00E7EFEA /* LaunchScreen.storyboard */ = {
			isa = PBXVariantGroup;
			children = (
				CD2CC77226C5588F00E7EFEA /* Base */,
			);
			name = LaunchScreen.storyboard;
			sourceTree = "<group>";
		};
/* End PBXVariantGroup section */

/* Begin XCBuildConfiguration section */
		CD2CC78B26C5588F00E7EFEA /* Debug */ = {
			isa = XCBuildConfiguration;
			buildSettings = {
				ALWAYS_SEARCH_USER_PATHS = NO;
				CLANG_ANALYZER_NONNULL = YES;
				CLANG_ANALYZER_NUMBER_OBJECT_CONVERSION = YES_AGGRESSIVE;
				CLANG_CXX_LANGUAGE_STANDARD = "gnu++14";
				CLANG_CXX_LIBRARY = "libc++";
				CLANG_ENABLE_MODULES = YES;
				CLANG_ENABLE_OBJC_ARC = YES;
				CLANG_ENABLE_OBJC_WEAK = YES;
				CLANG_WARN_BLOCK_CAPTURE_AUTORELEASING = YES;
				CLANG_WARN_BOOL_CONVERSION = YES;
				CLANG_WARN_COMMA = YES;
				CLANG_WARN_CONSTANT_CONVERSION = YES;
				CLANG_WARN_DEPRECATED_OBJC_IMPLEMENTATIONS = YES;
				CLANG_WARN_DIRECT_OBJC_ISA_USAGE = YES_ERROR;
				CLANG_WARN_DOCUMENTATION_COMMENTS = YES;
				CLANG_WARN_EMPTY_BODY = YES;
				CLANG_WARN_ENUM_CONVERSION = YES;
				CLANG_WARN_INFINITE_RECURSION = YES;
				CLANG_WARN_INT_CONVERSION = YES;
				CLANG_WARN_NON_LITERAL_NULL_CONVERSION = YES;
				CLANG_WARN_OBJC_IMPLICIT_RETAIN_SELF = YES;
				CLANG_WARN_OBJC_LITERAL_CONVERSION = YES;
				CLANG_WARN_OBJC_ROOT_CLASS = YES_ERROR;
				CLANG_WARN_QUOTED_INCLUDE_IN_FRAMEWORK_HEADER = YES;
				CLANG_WARN_RANGE_LOOP_ANALYSIS = YES;
				CLANG_WARN_STRICT_PROTOTYPES = YES;
				CLANG_WARN_SUSPICIOUS_MOVE = YES;
				CLANG_WARN_UNGUARDED_AVAILABILITY = YES_AGGRESSIVE;
				CLANG_WARN_UNREACHABLE_CODE = YES;
				CLANG_WARN__DUPLICATE_METHOD_MATCH = YES;
				COPY_PHASE_STRIP = NO;
				DEBUG_INFORMATION_FORMAT = dwarf;
				ENABLE_STRICT_OBJC_MSGSEND = YES;
				ENABLE_TESTABILITY = YES;
				GCC_C_LANGUAGE_STANDARD = gnu11;
				GCC_DYNAMIC_NO_PIC = NO;
				GCC_NO_COMMON_BLOCKS = YES;
				GCC_OPTIMIZATION_LEVEL = 0;
				GCC_PREPROCESSOR_DEFINITIONS = (
					"DEBUG=1",
					"$(inherited)",
				);
				GCC_WARN_64_TO_32_BIT_CONVERSION = YES;
				GCC_WARN_ABOUT_RETURN_TYPE = YES_ERROR;
				GCC_WARN_UNDECLARED_SELECTOR = YES;
				GCC_WARN_UNINITIALIZED_AUTOS = YES_AGGRESSIVE;
				GCC_WARN_UNUSED_FUNCTION = YES;
				GCC_WARN_UNUSED_VARIABLE = YES;
				IPHONEOS_DEPLOYMENT_TARGET = 14.5;
				MTL_ENABLE_DEBUG_INFO = INCLUDE_SOURCE;
				MTL_FAST_MATH = YES;
				ONLY_ACTIVE_ARCH = YES;
				SDKROOT = iphoneos;
				SWIFT_ACTIVE_COMPILATION_CONDITIONS = DEBUG;
				SWIFT_OPTIMIZATION_LEVEL = "-Onone";
			};
			name = Debug;
		};
		CD2CC78C26C5588F00E7EFEA /* Release */ = {
			isa = XCBuildConfiguration;
			buildSettings = {
				ALWAYS_SEARCH_USER_PATHS = NO;
				CLANG_ANALYZER_NONNULL = YES;
				CLANG_ANALYZER_NUMBER_OBJECT_CONVERSION = YES_AGGRESSIVE;
				CLANG_CXX_LANGUAGE_STANDARD = "gnu++14";
				CLANG_CXX_LIBRARY = "libc++";
				CLANG_ENABLE_MODULES = YES;
				CLANG_ENABLE_OBJC_ARC = YES;
				CLANG_ENABLE_OBJC_WEAK = YES;
				CLANG_WARN_BLOCK_CAPTURE_AUTORELEASING = YES;
				CLANG_WARN_BOOL_CONVERSION = YES;
				CLANG_WARN_COMMA = YES;
				CLANG_WARN_CONSTANT_CONVERSION = YES;
				CLANG_WARN_DEPRECATED_OBJC_IMPLEMENTATIONS = YES;
				CLANG_WARN_DIRECT_OBJC_ISA_USAGE = YES_ERROR;
				CLANG_WARN_DOCUMENTATION_COMMENTS = YES;
				CLANG_WARN_EMPTY_BODY = YES;
				CLANG_WARN_ENUM_CONVERSION = YES;
				CLANG_WARN_INFINITE_RECURSION = YES;
				CLANG_WARN_INT_CONVERSION = YES;
				CLANG_WARN_NON_LITERAL_NULL_CONVERSION = YES;
				CLANG_WARN_OBJC_IMPLICIT_RETAIN_SELF = YES;
				CLANG_WARN_OBJC_LITERAL_CONVERSION = YES;
				CLANG_WARN_OBJC_ROOT_CLASS = YES_ERROR;
				CLANG_WARN_QUOTED_INCLUDE_IN_FRAMEWORK_HEADER = YES;
				CLANG_WARN_RANGE_LOOP_ANALYSIS = YES;
				CLANG_WARN_STRICT_PROTOTYPES = YES;
				CLANG_WARN_SUSPICIOUS_MOVE = YES;
				CLANG_WARN_UNGUARDED_AVAILABILITY = YES_AGGRESSIVE;
				CLANG_WARN_UNREACHABLE_CODE = YES;
				CLANG_WARN__DUPLICATE_METHOD_MATCH = YES;
				COPY_PHASE_STRIP = NO;
				DEBUG_INFORMATION_FORMAT = "dwarf-with-dsym";
				ENABLE_NS_ASSERTIONS = NO;
				ENABLE_STRICT_OBJC_MSGSEND = YES;
				GCC_C_LANGUAGE_STANDARD = gnu11;
				GCC_NO_COMMON_BLOCKS = YES;
				GCC_WARN_64_TO_32_BIT_CONVERSION = YES;
				GCC_WARN_ABOUT_RETURN_TYPE = YES_ERROR;
				GCC_WARN_UNDECLARED_SELECTOR = YES;
				GCC_WARN_UNINITIALIZED_AUTOS = YES_AGGRESSIVE;
				GCC_WARN_UNUSED_FUNCTION = YES;
				GCC_WARN_UNUSED_VARIABLE = YES;
				IPHONEOS_DEPLOYMENT_TARGET = 14.5;
				MTL_ENABLE_DEBUG_INFO = NO;
				MTL_FAST_MATH = YES;
				SDKROOT = iphoneos;
				SWIFT_COMPILATION_MODE = wholemodule;
				SWIFT_OPTIMIZATION_LEVEL = "-O";
				VALIDATE_PRODUCT = YES;
			};
			name = Release;
		};
		CD2CC78E26C5588F00E7EFEA /* Debug */ = {
			isa = XCBuildConfiguration;
			buildSettings = {
				ASSETCATALOG_COMPILER_APPICON_NAME = AppIcon;
				ASSETCATALOG_COMPILER_GLOBAL_ACCENT_COLOR_NAME = AccentColor;
				CODE_SIGN_STYLE = Automatic;
				DEVELOPMENT_TEAM = JNGQ362X2F;
				INFOPLIST_FILE = Stamp/Info.plist;
				LD_RUNPATH_SEARCH_PATHS = (
					"$(inherited)",
					"@executable_path/Frameworks",
				);
				PRODUCT_BUNDLE_IDENTIFIER = app.pico.ogoshi.Stamp;
				PRODUCT_NAME = "$(TARGET_NAME)";
				SWIFT_VERSION = 5.0;
				TARGETED_DEVICE_FAMILY = "1,2";
			};
			name = Debug;
		};
		CD2CC78F26C5588F00E7EFEA /* Release */ = {
			isa = XCBuildConfiguration;
			buildSettings = {
				ASSETCATALOG_COMPILER_APPICON_NAME = AppIcon;
				ASSETCATALOG_COMPILER_GLOBAL_ACCENT_COLOR_NAME = AccentColor;
				CODE_SIGN_STYLE = Automatic;
				DEVELOPMENT_TEAM = JNGQ362X2F;
				INFOPLIST_FILE = Stamp/Info.plist;
				LD_RUNPATH_SEARCH_PATHS = (
					"$(inherited)",
					"@executable_path/Frameworks",
				);
				PRODUCT_BUNDLE_IDENTIFIER = app.pico.ogoshi.Stamp;
				PRODUCT_NAME = "$(TARGET_NAME)";
				SWIFT_VERSION = 5.0;
				TARGETED_DEVICE_FAMILY = "1,2";
			};
			name = Release;
		};
		CD2CC79126C5588F00E7EFEA /* Debug */ = {
			isa = XCBuildConfiguration;
			buildSettings = {
				ALWAYS_EMBED_SWIFT_STANDARD_LIBRARIES = YES;
				BUNDLE_LOADER = "$(TEST_HOST)";
				CODE_SIGN_STYLE = Automatic;
				INFOPLIST_FILE = StampTests/Info.plist;
				IPHONEOS_DEPLOYMENT_TARGET = 14.5;
				LD_RUNPATH_SEARCH_PATHS = (
					"$(inherited)",
					"@executable_path/Frameworks",
					"@loader_path/Frameworks",
				);
				PRODUCT_BUNDLE_IDENTIFIER = app.pico.ogoshi.StampTests;
				PRODUCT_NAME = "$(TARGET_NAME)";
				SWIFT_VERSION = 5.0;
				TARGETED_DEVICE_FAMILY = "1,2";
				TEST_HOST = "$(BUILT_PRODUCTS_DIR)/Stamp.app/Stamp";
			};
			name = Debug;
		};
		CD2CC79226C5588F00E7EFEA /* Release */ = {
			isa = XCBuildConfiguration;
			buildSettings = {
				ALWAYS_EMBED_SWIFT_STANDARD_LIBRARIES = YES;
				BUNDLE_LOADER = "$(TEST_HOST)";
				CODE_SIGN_STYLE = Automatic;
				INFOPLIST_FILE = StampTests/Info.plist;
				IPHONEOS_DEPLOYMENT_TARGET = 14.5;
				LD_RUNPATH_SEARCH_PATHS = (
					"$(inherited)",
					"@executable_path/Frameworks",
					"@loader_path/Frameworks",
				);
				PRODUCT_BUNDLE_IDENTIFIER = app.pico.ogoshi.StampTests;
				PRODUCT_NAME = "$(TARGET_NAME)";
				SWIFT_VERSION = 5.0;
				TARGETED_DEVICE_FAMILY = "1,2";
				TEST_HOST = "$(BUILT_PRODUCTS_DIR)/Stamp.app/Stamp";
			};
			name = Release;
		};
		CD2CC79426C5588F00E7EFEA /* Debug */ = {
			isa = XCBuildConfiguration;
			buildSettings = {
				ALWAYS_EMBED_SWIFT_STANDARD_LIBRARIES = YES;
				CODE_SIGN_STYLE = Automatic;
				INFOPLIST_FILE = StampUITests/Info.plist;
				LD_RUNPATH_SEARCH_PATHS = (
					"$(inherited)",
					"@executable_path/Frameworks",
					"@loader_path/Frameworks",
				);
				PRODUCT_BUNDLE_IDENTIFIER = app.pico.ogoshi.StampUITests;
				PRODUCT_NAME = "$(TARGET_NAME)";
				SWIFT_VERSION = 5.0;
				TARGETED_DEVICE_FAMILY = "1,2";
				TEST_TARGET_NAME = Stamp;
			};
			name = Debug;
		};
		CD2CC79526C5588F00E7EFEA /* Release */ = {
			isa = XCBuildConfiguration;
			buildSettings = {
				ALWAYS_EMBED_SWIFT_STANDARD_LIBRARIES = YES;
				CODE_SIGN_STYLE = Automatic;
				INFOPLIST_FILE = StampUITests/Info.plist;
				LD_RUNPATH_SEARCH_PATHS = (
					"$(inherited)",
					"@executable_path/Frameworks",
					"@loader_path/Frameworks",
				);
				PRODUCT_BUNDLE_IDENTIFIER = app.pico.ogoshi.StampUITests;
				PRODUCT_NAME = "$(TARGET_NAME)";
				SWIFT_VERSION = 5.0;
				TARGETED_DEVICE_FAMILY = "1,2";
				TEST_TARGET_NAME = Stamp;
			};
			name = Release;
		};
/* End XCBuildConfiguration section */

/* Begin XCConfigurationList section */
		CD2CC75E26C5588E00E7EFEA /* Build configuration list for PBXProject "Stamp" */ = {
			isa = XCConfigurationList;
			buildConfigurations = (
				CD2CC78B26C5588F00E7EFEA /* Debug */,
				CD2CC78C26C5588F00E7EFEA /* Release */,
			);
			defaultConfigurationIsVisible = 0;
			defaultConfigurationName = Release;
		};
		CD2CC78D26C5588F00E7EFEA /* Build configuration list for PBXNativeTarget "Stamp" */ = {
			isa = XCConfigurationList;
			buildConfigurations = (
				CD2CC78E26C5588F00E7EFEA /* Debug */,
				CD2CC78F26C5588F00E7EFEA /* Release */,
			);
			defaultConfigurationIsVisible = 0;
			defaultConfigurationName = Release;
		};
		CD2CC79026C5588F00E7EFEA /* Build configuration list for PBXNativeTarget "StampTests" */ = {
			isa = XCConfigurationList;
			buildConfigurations = (
				CD2CC79126C5588F00E7EFEA /* Debug */,
				CD2CC79226C5588F00E7EFEA /* Release */,
			);
			defaultConfigurationIsVisible = 0;
			defaultConfigurationName = Release;
		};
		CD2CC79326C5588F00E7EFEA /* Build configuration list for PBXNativeTarget "StampUITests" */ = {
			isa = XCConfigurationList;
			buildConfigurations = (
				CD2CC79426C5588F00E7EFEA /* Debug */,
				CD2CC79526C5588F00E7EFEA /* Release */,
			);
			defaultConfigurationIsVisible = 0;
			defaultConfigurationName = Release;
		};
/* End XCConfigurationList section */
	};
	rootObject = CD2CC75B26C5588E00E7EFEA /* Project object */;
}
